{
  "name": "pdf-parser",
  "version": "1.0.0",
  "lockfileVersion": 3,
  "requires": true,
  "packages": {
    "": {
      "name": "pdf-parser",
      "version": "1.0.0",
      "license": "ISC",
      "dependencies": {
        "@firecrawl/pdf-inspector": "^1.15.0"
      }
    },
    "node_modules/@firecrawl/pdf-inspector": {
      "version": "1.15.0",
      "resolved": "https://registry.npmjs.org/@firecrawl/pdf-inspector/-/pdf-inspector-1.15.0.tgz",
      "integrity": "sha512-Mcz3sxvlTrBR9PMRAR7NJqz5nhONJy/1KGIdabFzgpDdEXgPvc7Lb6yD9fgLkZ9CxTWSuino2QH5H+JlUR4d5A==",
      "license": "MIT",
      "bin": {
        "pdf-inspector": "bin/pdf-inspector.mjs"
      },
      "optionalDependencies": {
        "@firecrawl/pdf-inspector-darwin-arm64": "1.15.0",
        "@firecrawl/pdf-inspector-linux-arm64-gnu": "1.15.0",
        "@firecrawl/pdf-inspector-linux-arm64-musl": "1.15.0",
        "@firecrawl/pdf-inspector-linux-x64-gnu": "1.15.0",
        "@firecrawl/pdf-inspector-linux-x64-musl": "1.15.0",
        "@firecrawl/pdf-inspector-win32-x64-msvc": "1.15.0"
      }
    },
    "node_modules/@firecrawl/pdf-inspector-darwin-arm64": {
      "version": "1.15.0",
      "resolved": "https://registry.npmjs.org/@firecrawl/pdf-inspector-darwin-arm64/-/pdf-inspector-darwin-arm64-1.15.0.tgz",
      "integrity": "sha512-G1E7rTvvQT/m6dfTgTr+0XaPCsqrabp2VVaE/dcfTFayufLv+VI0ciR2pC8zee2wp2bQ/mbMAZ6GEfEPqESxbQ==",
      "cpu": [
        "arm64"
      ],
      "license": "MIT",
      "optional": true,
      "os": [
        "darwin"
      ],
      "engines": {
        "node": ">= 10"
      }
    },
    "node_modules/@firecrawl/pdf-inspector-linux-arm64-gnu": {
      "version": "1.15.0",
      "resolved": "https://registry.npmjs.org/@firecrawl/pdf-inspector-linux-arm64-gnu/-/pdf-inspector-linux-arm64-gnu-1.15.0.tgz",
      "integrity": "sha512-xLrPQFYkpG0ZaDiv6+d/ivfGek4aiTbqUcIEkYKC93Y0RjjP9MZY4M+CHzs486uLWVzMyOnxJ65kk76PaJpoEw==",
      "cpu": [
        "arm64"
      ],
      "license": "MIT",
      "optional": true,
      "os": [
        "linux"
      ],
      "engines": {
        "node": ">= 10"
      }
    },
    "node_modules/@firecrawl/pdf-inspector-linux-arm64-musl": {
      "version": "1.15.0",
      "resolved": "https://registry.npmjs.org/@firecrawl/pdf-inspector-linux-arm64-musl/-/pdf-inspector-linux-arm64-musl-1.15.0.tgz",
      "integrity": "sha512-vDU10xoHcufB9+5vU2v+DWhT7D9BvCRrSFCIfV46jGGu1FI0j5FSV31Hy//zncoAWBsUDdTKTrFXDqxTLfcvzg==",
      "cpu": [
        "arm64"
      ],
      "license": "MIT",
      "optional": true,
      "os": [
        "linux"
      ],
      "engines": {
        "node": ">= 10"
      }
    },
    "node_modules/@firecrawl/pdf-inspector-linux-x64-gnu": {
      "version": "1.15.0",
      "resolved": "https://registry.npmjs.org/@firecrawl/pdf-inspector-linux-x64-gnu/-/pdf-inspector-linux-x64-gnu-1.15.0.tgz",
      "integrity": "sha512-xe3wbk6U+EJw2bLSd+6o9usbAlVLUHOQBIAJi0rzjP6u2Tz+g0enpkxnOPDkCcWzY+Qiw4YR4N4UZaEsvlbWiw==",
      "cpu": [
        "x64"
      ],
      "license": "MIT",
      "optional": true,
      "os": [
        "linux"
      ],
      "engines": {
        "node": ">= 10"
      }
    },
    "node_modules/@firecrawl/pdf-inspector-linux-x64-musl": {
      "version": "1.15.0",
      "resolved": "https://registry.npmjs.org/@firecrawl/pdf-inspector-linux-x64-musl/-/pdf-inspector-linux-x64-musl-1.15.0.tgz",
      "integrity": "sha512-Mni3UCqKmrH/wCKw0g8o+JusL0oX+AxOnBM5jLp3Y1tvU5xPytSH815PcFojcDBtJHkFzDmKsBnYaghPe2OXTw==",
      "cpu": [
        "x64"
      ],
      "license": "MIT",
      "optional": true,
      "os": [
        "linux"
      ],
      "engines": {
        "node": ">= 10"
      }
    },
    "node_modules/@firecrawl/pdf-inspector-win32-x64-msvc": {
      "version": "1.15.0",
      "resolved": "https://registry.npmjs.org/@firecrawl/pdf-inspector-win32-x64-msvc/-/pdf-inspector-win32-x64-msvc-1.15.0.tgz",
      "integrity": "sha512-EhQC7DdDTirpsjG8PvzLACyEze4Uxdkzrc1vQw0NyTqvejW6d3nFLFd6xu8l/44wiJW8Rez9J6K96ggdBtnXEw==",
      "cpu": [
        "x64"
      ],
      "license": "MIT",
      "optional": true,
      "os": [
        "win32"
      ],
      "engines": {
        "node": ">= 10"
      }
    }
  }
}
